
Microsoft Visual Studio Solution File, Format Version 12.00
# Visual Studio Version 16
VisualStudioVersion = 16.0.32228.343
MinimumVisualStudioVersion = 10.0.40219.1
Project("{9A19103F-16F7-4668-BE54-9A1E7A4F7556}") = "NebulaOSKernal", "NebulaOSKernal\NebulaOSKernal.csproj", "{B73B6FA3-146B-4DB2-B585-95682484166C}"
EndProject
Project("{FAE04EC0-301F-11D3-BF4B-00C04F79EFBC}") = "NebulaLibs", "NebulaLibs\NebulaLibs.csproj", "{833222C8-360D-435D-920E-BA2D4F69BDD9}"
EndProject
Global
	GlobalSection(SolutionConfigurationPlatforms) = preSolution
		Debug|Any CPU = Debug|Any CPU
		Release|Any CPU = Release|Any CPU
	EndGlobalSection
	GlobalSection(ProjectConfigurationPlatforms) = postSolution
		{B73B6FA3-146B-4DB2-B585-95682484166C}.Debug|Any CPU.ActiveCfg = Debug|Any CPU
		{B73B6FA3-146B-4DB2-B585-95682484166C}.Debug|Any CPU.Build.0 = Debug|Any CPU
		{B73B6FA3-146B-4DB2-B585-95682484166C}.Release|Any CPU.ActiveCfg = Release|Any CPU
		{B73B6FA3-146B-4DB2-B585-95682484166C}.Release|Any CPU.Build.0 = Release|Any CPU
		{833222C8-360D-435D-920E-BA2D4F69BDD9}.Debug|Any CPU.ActiveCfg = Debug|Any CPU
		{833222C8-360D-435D-920E-BA2D4F69BDD9}.Debug|Any CPU.Build.0 = Debug|Any CPU
		{833222C8-360D-435D-920E-BA2D4F69BDD9}.Release|Any CPU.ActiveCfg = Release|Any CPU
		{833222C8-360D-435D-920E-BA2D4F69BDD9}.Release|Any CPU.Build.0 = Release|Any CPU
	EndGlobalSection
	GlobalSection(SolutionProperties) = preSolution
		HideSolutionNode = FALSE
	EndGlobalSection
	GlobalSection(ExtensibilityGlobals) = postSolution
		SolutionGuid = {CDE15FDF-4D2F-4973-94CA-089CA5A18D16}
	EndGlobalSection
EndGlobal
